
Microsoft Visual Studio Solution File, Format Version 12.00
# Visual Studio Version 17
VisualStudioVersion = 17.11.35303.130
MinimumVisualStudioVersion = 10.0.40219.1
Project("{FAE04EC0-301F-11D3-BF4B-00C04F79EFBC}") = "Chessboard", "Chessboard\Chessboard.csproj", "{7618F16D-8F70-4CAE-B13D-EB11598BA0AB}"
EndProject
Global
	GlobalSection(SolutionConfigurationPlatforms) = preSolution
		Debug|Any CPU = Debug|Any CPU
		Release|Any CPU = Release|Any CPU
	EndGlobalSection
	GlobalSection(ProjectConfigurationPlatforms) = postSolution
		{7618F16D-8F70-4CAE-B13D-EB11598BA0AB}.Debug|Any CPU.ActiveCfg = Debug|Any CPU
		{7618F16D-8F70-4CAE-B13D-EB11598BA0AB}.Debug|Any CPU.Build.0 = Debug|Any CPU
		{7618F16D-8F70-4CAE-B13D-EB11598BA0AB}.Release|Any CPU.ActiveCfg = Release|Any CPU
		{7618F16D-8F70-4CAE-B13D-EB11598BA0AB}.Release|Any CPU.Build.0 = Release|Any CPU
	EndGlobalSection
	GlobalSection(SolutionProperties) = preSolution
		HideSolutionNode = FALSE
	EndGlobalSection
	GlobalSection(ExtensibilityGlobals) = postSolution
		SolutionGuid = {907C711C-BC10-4FD0-A071-694AF3576B9E}
	EndGlobalSection
EndGlobal
